// !$*UTF8*$!
{
	archiveVersion = 1;
	classes = {
	};
	objectVersion = 55;
	objects = {

/* Begin PBXBuildFile section */
		1143C0782857A31600C9587D /* AppDelegate.swift in Sources */ = {isa = PBXBuildFile; fileRef = 1143C0772857A31600C9587D /* AppDelegate.swift */; };
		1143C07A2857A31600C9587D /* SceneDelegate.swift in Sources */ = {isa = PBXBuildFile; fileRef = 1143C0792857A31600C9587D /* SceneDelegate.swift */; };
		1143C07C2857A31600C9587D /* ViewController.swift in Sources */ = {isa = PBXBuildFile; fileRef = 1143C07B2857A31600C9587D /* ViewController.swift */; };
		1143C07F2857A31600C9587D /* Main.storyboard in Resources */ = {isa = PBXBuildFile; fileRef = 1143C07D2857A31600C9587D /* Main.storyboard */; };
		1143C0812857A31B00C9587D /* Assets.xcassets in Resources */ = {isa = PBXBuildFile; fileRef = 1143C0802857A31B00C9587D /* Assets.xcassets */; };
		1143C0842857A31B00C9587D /* LaunchScreen.storyboard in Resources */ = {isa = PBXBuildFile; fileRef = 1143C0822857A31B00C9587D /* LaunchScreen.storyboard */; };
		1143C08C285884C400C9587D /* SearchViewController.swift in Sources */ = {isa = PBXBuildFile; fileRef = 1143C08B285884C400C9587D /* SearchViewController.swift */; };
		1143C08E2858852D00C9587D /* TicketsViewController.swift in Sources */ = {isa = PBXBuildFile; fileRef = 1143C08D2858852D00C9587D /* TicketsViewController.swift */; };
		1143C0B4285CE6C200C9587D /* SettingsViewController.swift in Sources */ = {isa = PBXBuildFile; fileRef = 1143C0B3285CE6C100C9587D /* SettingsViewController.swift */; };
		1151D32F287ED45A008B89DD /* HelpViewController.swift in Sources */ = {isa = PBXBuildFile; fileRef = 1151D32E287ED45A008B89DD /* HelpViewController.swift */; };
		11934A28288FE9B7007FC06B /* TitledTextFieldView.swift in Sources */ = {isa = PBXBuildFile; fileRef = 11934A27288FE9B7007FC06B /* TitledTextFieldView.swift */; };
		11BD7442288476BD00FC40FC /* FromViewController.swift in Sources */ = {isa = PBXBuildFile; fileRef = 11BD7441288476BD00FC40FC /* FromViewController.swift */; };
		11BD744428847DA300FC40FC /* ToViewController.swift in Sources */ = {isa = PBXBuildFile; fileRef = 11BD744328847DA300FC40FC /* ToViewController.swift */; };
		11F52D142885D2D100425DE1 /* ResultsViewController.swift in Sources */ = {isa = PBXBuildFile; fileRef = 11F52D132885D2D100425DE1 /* ResultsViewController.swift */; };
		11F52D162885D94500425DE1 /* GooglePlaceManager.swift in Sources */ = {isa = PBXBuildFile; fileRef = 11F52D152885D94500425DE1 /* GooglePlaceManager.swift */; };
		260F9AB55CB605F91D322614 /* libPods-TMS.a in Frameworks */ = {isa = PBXBuildFile; fileRef = FF59869004B09432DD5FDB88 /* libPods-TMS.a */; };
/* End PBXBuildFile section */

/* Begin PBXFileReference section */
		1143C0742857A31600C9587D /* TMS.app */ = {isa = PBXFileReference; explicitFileType = wrapper.application; includeInIndex = 0; path = TMS.app; sourceTree = BUILT_PRODUCTS_DIR; };
		1143C0772857A31600C9587D /* AppDelegate.swift */ = {isa = PBXFileReference; lastKnownFileType = sourcecode.swift; path = AppDelegate.swift; sourceTree = "<group>"; };
		1143C0792857A31600C9587D /* SceneDelegate.swift */ = {isa = PBXFileReference; lastKnownFileType = sourcecode.swift; path = SceneDelegate.swift; sourceTree = "<group>"; };
		1143C07B2857A31600C9587D /* ViewController.swift */ = {isa = PBXFileReference; lastKnownFileType = sourcecode.swift; path = ViewController.swift; sourceTree = "<group>"; };
		1143C07E2857A31600C9587D /* Base */ = {isa = PBXFileReference; lastKnownFileType = file.storyboard; name = Base; path = Base.lproj/Main.storyboard; sourceTree = "<group>"; };
		1143C0802857A31B00C9587D /* Assets.xcassets */ = {isa = PBXFileReference; lastKnownFileType = folder.assetcatalog; path = Assets.xcassets; sourceTree = "<group>"; };
		1143C0832857A31B00C9587D /* Base */ = {isa = PBXFileReference; lastKnownFileType = file.storyboard; name = Base; path = Base.lproj/LaunchScreen.storyboard; sourceTree = "<group>"; };
		1143C0852857A31B00C9587D /* Info.plist */ = {isa = PBXFileReference; lastKnownFileType = text.plist.xml; path = Info.plist; sourceTree = "<group>"; };
		1143C08B285884C400C9587D /* SearchViewController.swift */ = {isa = PBXFileReference; lastKnownFileType = sourcecode.swift; path = SearchViewController.swift; sourceTree = "<group>"; };
		1143C08D2858852D00C9587D /* TicketsViewController.swift */ = {isa = PBXFileReference; lastKnownFileType = sourcecode.swift; path = TicketsViewController.swift; sourceTree = "<group>"; };
		1143C0B3285CE6C100C9587D /* SettingsViewController.swift */ = {isa = PBXFileReference; lastKnownFileType = sourcecode.swift; path = SettingsViewController.swift; sourceTree = "<group>"; };
		1151D32E287ED45A008B89DD /* HelpViewController.swift */ = {isa = PBXFileReference; fileEncoding = 4; lastKnownFileType = sourcecode.swift; path = HelpViewController.swift; sourceTree = "<group>"; };
		11934A27288FE9B7007FC06B /* TitledTextFieldView.swift */ = {isa = PBXFileReference; lastKnownFileType = sourcecode.swift; path = TitledTextFieldView.swift; sourceTree = "<group>"; };
		11BD7441288476BD00FC40FC /* FromViewController.swift */ = {isa = PBXFileReference; fileEncoding = 4; lastKnownFileType = sourcecode.swift; path = FromViewController.swift; sourceTree = "<group>"; };
		11BD744328847DA300FC40FC /* ToViewController.swift */ = {isa = PBXFileReference; fileEncoding = 4; lastKnownFileType = sourcecode.swift; path = ToViewController.swift; sourceTree = "<group>"; };
		11F52D132885D2D100425DE1 /* ResultsViewController.swift */ = {isa = PBXFileReference; lastKnownFileType = sourcecode.swift; path = ResultsViewController.swift; sourceTree = "<group>"; };
		11F52D152885D94500425DE1 /* GooglePlaceManager.swift */ = {isa = PBXFileReference; lastKnownFileType = sourcecode.swift; path = GooglePlaceManager.swift; sourceTree = "<group>"; };
		207E0E3D728C3F0E884C612C /* Pods-TMS.debug.xcconfig */ = {isa = PBXFileReference; includeInIndex = 1; lastKnownFileType = text.xcconfig; name = "Pods-TMS.debug.xcconfig"; path = "Target Support Files/Pods-TMS/Pods-TMS.debug.xcconfig"; sourceTree = "<group>"; };
		B27BAB4A00EFFE0D16055E10 /* Pods-TMS.release.xcconfig */ = {isa = PBXFileReference; includeInIndex = 1; lastKnownFileType = text.xcconfig; name = "Pods-TMS.release.xcconfig"; path = "Target Support Files/Pods-TMS/Pods-TMS.release.xcconfig"; sourceTree = "<group>"; };
		FF59869004B09432DD5FDB88 /* libPods-TMS.a */ = {isa = PBXFileReference; explicitFileType = archive.ar; includeInIndex = 0; path = "libPods-TMS.a"; sourceTree = BUILT_PRODUCTS_DIR; };
/* End PBXFileReference section */

/* Begin PBXFrameworksBuildPhase section */
		1143C0712857A31600C9587D /* Frameworks */ = {
			isa = PBXFrameworksBuildPhase;
			buildActionMask = 2147483647;
			files = (
				260F9AB55CB605F91D322614 /* libPods-TMS.a in Frameworks */,
			);
			runOnlyForDeploymentPostprocessing = 0;
		};
/* End PBXFrameworksBuildPhase section */

/* Begin PBXGroup section */
		0D98342369DE6417775D2DAC /* Pods */ = {
			isa = PBXGroup;
			children = (
				207E0E3D728C3F0E884C612C /* Pods-TMS.debug.xcconfig */,
				B27BAB4A00EFFE0D16055E10 /* Pods-TMS.release.xcconfig */,
			);
			path = Pods;
			sourceTree = "<group>";
		};
		1143C06B2857A31600C9587D = {
			isa = PBXGroup;
			children = (
				1143C0762857A31600C9587D /* TMS */,
				1143C0752857A31600C9587D /* Products */,
				0D98342369DE6417775D2DAC /* Pods */,
				272AC469740343CA02182182 /* Frameworks */,
			);
			sourceTree = "<group>";
		};
		1143C0752857A31600C9587D /* Products */ = {
			isa = PBXGroup;
			children = (
				1143C0742857A31600C9587D /* TMS.app */,
			);
			name = Products;
			sourceTree = "<group>";
		};
		1143C0762857A31600C9587D /* TMS */ = {
			isa = PBXGroup;
			children = (
				11BD743E28846E9800FC40FC /* SearchTab */,
				11BD743F28846EB100FC40FC /* TicketsTab */,
				11BD744028846EC100FC40FC /* HelpTab */,
				1143C0772857A31600C9587D /* AppDelegate.swift */,
				1143C0792857A31600C9587D /* SceneDelegate.swift */,
				1143C07B2857A31600C9587D /* ViewController.swift */,
				1143C07D2857A31600C9587D /* Main.storyboard */,
				1143C0802857A31B00C9587D /* Assets.xcassets */,
				1143C0822857A31B00C9587D /* LaunchScreen.storyboard */,
				1143C0852857A31B00C9587D /* Info.plist */,
			);
			path = TMS;
			sourceTree = "<group>";
		};
		11934A1C288EDC27007FC06B /* Searching */ = {
			isa = PBXGroup;
			children = (
				1143C08B285884C400C9587D /* SearchViewController.swift */,
				11934A27288FE9B7007FC06B /* TitledTextFieldView.swift */,
			);
			path = Searching;
			sourceTree = "<group>";
		};
		11BD743E28846E9800FC40FC /* SearchTab */ = {
			isa = PBXGroup;
			children = (
				11934A1C288EDC27007FC06B /* Searching */,
				11BD7441288476BD00FC40FC /* FromViewController.swift */,
				11BD744328847DA300FC40FC /* ToViewController.swift */,
				11F52D132885D2D100425DE1 /* ResultsViewController.swift */,
				11F52D152885D94500425DE1 /* GooglePlaceManager.swift */,
			);
			path = SearchTab;
			sourceTree = "<group>";
		};
		11BD743F28846EB100FC40FC /* TicketsTab */ = {
			isa = PBXGroup;
			children = (
				1143C08D2858852D00C9587D /* TicketsViewController.swift */,
			);
			path = TicketsTab;
			sourceTree = "<group>";
		};
		11BD744028846EC100FC40FC /* HelpTab */ = {
			isa = PBXGroup;
			children = (
				1151D32E287ED45A008B89DD /* HelpViewController.swift */,
				1143C0B3285CE6C100C9587D /* SettingsViewController.swift */,
			);
			path = HelpTab;
			sourceTree = "<group>";
		};
		272AC469740343CA02182182 /* Frameworks */ = {
			isa = PBXGroup;
			children = (
				FF59869004B09432DD5FDB88 /* libPods-TMS.a */,
			);
			name = Frameworks;
			sourceTree = "<group>";
		};
/* End PBXGroup section */

/* Begin PBXNativeTarget section */
		1143C0732857A31600C9587D /* TMS */ = {
			isa = PBXNativeTarget;
			buildConfigurationList = 1143C0882857A31B00C9587D /* Build configuration list for PBXNativeTarget "TMS" */;
			buildPhases = (
				0B4AAF69100D529F0E6E7C12 /* [CP] Check Pods Manifest.lock */,
				1143C0702857A31600C9587D /* Sources */,
				1143C0712857A31600C9587D /* Frameworks */,
				1143C0722857A31600C9587D /* Resources */,
				B39C9B528438CEC8950801EC /* [CP] Copy Pods Resources */,
			);
			buildRules = (
			);
			dependencies = (
			);
			name = TMS;
			productName = TMS;
			productReference = 1143C0742857A31600C9587D /* TMS.app */;
			productType = "com.apple.product-type.application";
		};
/* End PBXNativeTarget section */

/* Begin PBXProject section */
		1143C06C2857A31600C9587D /* Project object */ = {
			isa = PBXProject;
			attributes = {
				BuildIndependentTargetsInParallel = 1;
				LastSwiftUpdateCheck = 1340;
				LastUpgradeCheck = 1340;
				TargetAttributes = {
					1143C0732857A31600C9587D = {
						CreatedOnToolsVersion = 13.4.1;
					};
				};
			};
			buildConfigurationList = 1143C06F2857A31600C9587D /* Build configuration list for PBXProject "TMS" */;
			compatibilityVersion = "Xcode 13.0";
			developmentRegion = en;
			hasScannedForEncodings = 0;
			knownRegions = (
				en,
				Base,
			);
			mainGroup = 1143C06B2857A31600C9587D;
			productRefGroup = 1143C0752857A31600C9587D /* Products */;
			projectDirPath = "";
			projectRoot = "";
			targets = (
				1143C0732857A31600C9587D /* TMS */,
			);
		};
/* End PBXProject section */

/* Begin PBXResourcesBuildPhase section */
		1143C0722857A31600C9587D /* Resources */ = {
			isa = PBXResourcesBuildPhase;
			buildActionMask = 2147483647;
			files = (
				1143C0842857A31B00C9587D /* LaunchScreen.storyboard in Resources */,
				1143C0812857A31B00C9587D /* Assets.xcassets in Resources */,
				1143C07F2857A31600C9587D /* Main.storyboard in Resources */,
			);
			runOnlyForDeploymentPostprocessing = 0;
		};
/* End PBXResourcesBuildPhase section */

/* Begin PBXShellScriptBuildPhase section */
		0B4AAF69100D529F0E6E7C12 /* [CP] Check Pods Manifest.lock */ = {
			isa = PBXShellScriptBuildPhase;
			buildActionMask = 2147483647;
			files = (
			);
			inputFileListPaths = (
			);
			inputPaths = (
				"${PODS_PODFILE_DIR_PATH}/Podfile.lock",
				"${PODS_ROOT}/Manifest.lock",
			);
			name = "[CP] Check Pods Manifest.lock";
			outputFileListPaths = (
			);
			outputPaths = (
				"$(DERIVED_FILE_DIR)/Pods-TMS-checkManifestLockResult.txt",
			);
			runOnlyForDeploymentPostprocessing = 0;
			shellPath = /bin/sh;
			shellScript = "diff \"${PODS_PODFILE_DIR_PATH}/Podfile.lock\" \"${PODS_ROOT}/Manifest.lock\" > /dev/null\nif [ $? != 0 ] ; then\n    # print error to STDERR\n    echo \"error: The sandbox is not in sync with the Podfile.lock. Run 'pod install' or update your CocoaPods installation.\" >&2\n    exit 1\nfi\n# This output is used by Xcode 'outputs' to avoid re-running this script phase.\necho \"SUCCESS\" > \"${SCRIPT_OUTPUT_FILE_0}\"\n";
			showEnvVarsInLog = 0;
		};
		B39C9B528438CEC8950801EC /* [CP] Copy Pods Resources */ = {
			isa = PBXShellScriptBuildPhase;
			buildActionMask = 2147483647;
			files = (
			);
			inputFileListPaths = (
				"${PODS_ROOT}/Target Support Files/Pods-TMS/Pods-TMS-resources-${CONFIGURATION}-input-files.xcfilelist",
			);
			name = "[CP] Copy Pods Resources";
			outputFileListPaths = (
				"${PODS_ROOT}/Target Support Files/Pods-TMS/Pods-TMS-resources-${CONFIGURATION}-output-files.xcfilelist",
			);
			runOnlyForDeploymentPostprocessing = 0;
			shellPath = /bin/sh;
			shellScript = "\"${PODS_ROOT}/Target Support Files/Pods-TMS/Pods-TMS-resources.sh\"\n";
			showEnvVarsInLog = 0;
		};
/* End PBXShellScriptBuildPhase section */

/* Begin PBXSourcesBuildPhase section */
		1143C0702857A31600C9587D /* Sources */ = {
			isa = PBXSourcesBuildPhase;
			buildActionMask = 2147483647;
			files = (
				11934A28288FE9B7007FC06B /* TitledTextFieldView.swift in Sources */,
				1143C07C2857A31600C9587D /* ViewController.swift in Sources */,
				11F52D162885D94500425DE1 /* GooglePlaceManager.swift in Sources */,
				1143C0B4285CE6C200C9587D /* SettingsViewController.swift in Sources */,
				1151D32F287ED45A008B89DD /* HelpViewController.swift in Sources */,
				11F52D142885D2D100425DE1 /* ResultsViewController.swift in Sources */,
				1143C08E2858852D00C9587D /* TicketsViewController.swift in Sources */,
				11BD744428847DA300FC40FC /* ToViewController.swift in Sources */,
				1143C0782857A31600C9587D /* AppDelegate.swift in Sources */,
				1143C08C285884C400C9587D /* SearchViewController.swift in Sources */,
				11BD7442288476BD00FC40FC /* FromViewController.swift in Sources */,
				1143C07A2857A31600C9587D /* SceneDelegate.swift in Sources */,
			);
			runOnlyForDeploymentPostprocessing = 0;
		};
/* End PBXSourcesBuildPhase section */

/* Begin PBXVariantGroup section */
		1143C07D2857A31600C9587D /* Main.storyboard */ = {
			isa = PBXVariantGroup;
			children = (
				1143C07E2857A31600C9587D /* Base */,
			);
			name = Main.storyboard;
			sourceTree = "<group>";
		};
		1143C0822857A31B00C9587D /* LaunchScreen.storyboard */ = {
			isa = PBXVariantGroup;
			children = (
				1143C0832857A31B00C9587D /* Base */,
			);
			name = LaunchScreen.storyboard;
			sourceTree = "<group>";
		};
/* End PBXVariantGroup section */

/* Begin XCBuildConfiguration section */
		1143C0862857A31B00C9587D /* Debug */ = {
			isa = XCBuildConfiguration;
			buildSettings = {
				ALWAYS_SEARCH_USER_PATHS = NO;
				CLANG_ANALYZER_NONNULL = YES;
				CLANG_ANALYZER_NUMBER_OBJECT_CONVERSION = YES_AGGRESSIVE;
				CLANG_CXX_LANGUAGE_STANDARD = "gnu++17";
				CLANG_ENABLE_MODULES = YES;
				CLANG_ENABLE_OBJC_ARC = YES;
				CLANG_ENABLE_OBJC_WEAK = YES;
				CLANG_WARN_BLOCK_CAPTURE_AUTORELEASING = YES;
				CLANG_WARN_BOOL_CONVERSION = YES;
				CLANG_WARN_COMMA = YES;
				CLANG_WARN_CONSTANT_CONVERSION = YES;
				CLANG_WARN_DEPRECATED_OBJC_IMPLEMENTATIONS = YES;
				CLANG_WARN_DIRECT_OBJC_ISA_USAGE = YES_ERROR;
				CLANG_WARN_DOCUMENTATION_COMMENTS = YES;
				CLANG_WARN_EMPTY_BODY = YES;
				CLANG_WARN_ENUM_CONVERSION = YES;
				CLANG_WARN_INFINITE_RECURSION = YES;
				CLANG_WARN_INT_CONVERSION = YES;
				CLANG_WARN_NON_LITERAL_NULL_CONVERSION = YES;
				CLANG_WARN_OBJC_IMPLICIT_RETAIN_SELF = YES;
				CLANG_WARN_OBJC_LITERAL_CONVERSION = YES;
				CLANG_WARN_OBJC_ROOT_CLASS = YES_ERROR;
				CLANG_WARN_QUOTED_INCLUDE_IN_FRAMEWORK_HEADER = YES;
				CLANG_WARN_RANGE_LOOP_ANALYSIS = YES;
				CLANG_WARN_STRICT_PROTOTYPES = YES;
				CLANG_WARN_SUSPICIOUS_MOVE = YES;
				CLANG_WARN_UNGUARDED_AVAILABILITY = YES_AGGRESSIVE;
				CLANG_WARN_UNREACHABLE_CODE = YES;
				CLANG_WARN__DUPLICATE_METHOD_MATCH = YES;
				COPY_PHASE_STRIP = NO;
				DEBUG_INFORMATION_FORMAT = dwarf;
				ENABLE_STRICT_OBJC_MSGSEND = YES;
				ENABLE_TESTABILITY = YES;
				GCC_C_LANGUAGE_STANDARD = gnu11;
				GCC_DYNAMIC_NO_PIC = NO;
				GCC_NO_COMMON_BLOCKS = YES;
				GCC_OPTIMIZATION_LEVEL = 0;
				GCC_PREPROCESSOR_DEFINITIONS = (
					"DEBUG=1",
					"$(inherited)",
				);
				GCC_WARN_64_TO_32_BIT_CONVERSION = YES;
				GCC_WARN_ABOUT_RETURN_TYPE = YES_ERROR;
				GCC_WARN_UNDECLARED_SELECTOR = YES;
				GCC_WARN_UNINITIALIZED_AUTOS = YES_AGGRESSIVE;
				GCC_WARN_UNUSED_FUNCTION = YES;
				GCC_WARN_UNUSED_VARIABLE = YES;
				IPHONEOS_DEPLOYMENT_TARGET = 15.5;
				MTL_ENABLE_DEBUG_INFO = INCLUDE_SOURCE;
				MTL_FAST_MATH = YES;
				ONLY_ACTIVE_ARCH = YES;
				SDKROOT = iphoneos;
				SWIFT_ACTIVE_COMPILATION_CONDITIONS = DEBUG;
				SWIFT_OPTIMIZATION_LEVEL = "-Onone";
			};
			name = Debug;
		};
		1143C0872857A31B00C9587D /* Release */ = {
			isa = XCBuildConfiguration;
			buildSettings = {
				ALWAYS_SEARCH_USER_PATHS = NO;
				CLANG_ANALYZER_NONNULL = YES;
				CLANG_ANALYZER_NUMBER_OBJECT_CONVERSION = YES_AGGRESSIVE;
				CLANG_CXX_LANGUAGE_STANDARD = "gnu++17";
				CLANG_ENABLE_MODULES = YES;
				CLANG_ENABLE_OBJC_ARC = YES;
				CLANG_ENABLE_OBJC_WEAK = YES;
				CLANG_WARN_BLOCK_CAPTURE_AUTORELEASING = YES;
				CLANG_WARN_BOOL_CONVERSION = YES;
				CLANG_WARN_COMMA = YES;
				CLANG_WARN_CONSTANT_CONVERSION = YES;
				CLANG_WARN_DEPRECATED_OBJC_IMPLEMENTATIONS = YES;
				CLANG_WARN_DIRECT_OBJC_ISA_USAGE = YES_ERROR;
				CLANG_WARN_DOCUMENTATION_COMMENTS = YES;
				CLANG_WARN_EMPTY_BODY = YES;
				CLANG_WARN_ENUM_CONVERSION = YES;
				CLANG_WARN_INFINITE_RECURSION = YES;
				CLANG_WARN_INT_CONVERSION = YES;
				CLANG_WARN_NON_LITERAL_NULL_CONVERSION = YES;
				CLANG_WARN_OBJC_IMPLICIT_RETAIN_SELF = YES;
				CLANG_WARN_OBJC_LITERAL_CONVERSION = YES;
				CLANG_WARN_OBJC_ROOT_CLASS = YES_ERROR;
				CLANG_WARN_QUOTED_INCLUDE_IN_FRAMEWORK_HEADER = YES;
				CLANG_WARN_RANGE_LOOP_ANALYSIS = YES;
				CLANG_WARN_STRICT_PROTOTYPES = YES;
				CLANG_WARN_SUSPICIOUS_MOVE = YES;
				CLANG_WARN_UNGUARDED_AVAILABILITY = YES_AGGRESSIVE;
				CLANG_WARN_UNREACHABLE_CODE = YES;
				CLANG_WARN__DUPLICATE_METHOD_MATCH = YES;
				COPY_PHASE_STRIP = NO;
				DEBUG_INFORMATION_FORMAT = "dwarf-with-dsym";
				ENABLE_NS_ASSERTIONS = NO;
				ENABLE_STRICT_OBJC_MSGSEND = YES;
				GCC_C_LANGUAGE_STANDARD = gnu11;
				GCC_NO_COMMON_BLOCKS = YES;
				GCC_WARN_64_TO_32_BIT_CONVERSION = YES;
				GCC_WARN_ABOUT_RETURN_TYPE = YES_ERROR;
				GCC_WARN_UNDECLARED_SELECTOR = YES;
				GCC_WARN_UNINITIALIZED_AUTOS = YES_AGGRESSIVE;
				GCC_WARN_UNUSED_FUNCTION = YES;
				GCC_WARN_UNUSED_VARIABLE = YES;
				IPHONEOS_DEPLOYMENT_TARGET = 15.5;
				MTL_ENABLE_DEBUG_INFO = NO;
				MTL_FAST_MATH = YES;
				SDKROOT = iphoneos;
				SWIFT_COMPILATION_MODE = wholemodule;
				SWIFT_OPTIMIZATION_LEVEL = "-O";
				VALIDATE_PRODUCT = YES;
			};
			name = Release;
		};
		1143C0892857A31B00C9587D /* Debug */ = {
			isa = XCBuildConfiguration;
			baseConfigurationReference = 207E0E3D728C3F0E884C612C /* Pods-TMS.debug.xcconfig */;
			buildSettings = {
				ASSETCATALOG_COMPILER_APPICON_NAME = AppIcon;
				ASSETCATALOG_COMPILER_GLOBAL_ACCENT_COLOR_NAME = AccentColor;
				CODE_SIGN_STYLE = Automatic;
				CURRENT_PROJECT_VERSION = 1;
				DEVELOPMENT_TEAM = 2J548WK4C4;
				GENERATE_INFOPLIST_FILE = YES;
				INFOPLIST_FILE = TMS/Info.plist;
				INFOPLIST_KEY_UIApplicationSupportsIndirectInputEvents = YES;
				INFOPLIST_KEY_UILaunchStoryboardName = LaunchScreen;
				INFOPLIST_KEY_UIMainStoryboardFile = Main;
				INFOPLIST_KEY_UISupportedInterfaceOrientations_iPad = "UIInterfaceOrientationPortrait UIInterfaceOrientationPortraitUpsideDown UIInterfaceOrientationLandscapeLeft UIInterfaceOrientationLandscapeRight";
				INFOPLIST_KEY_UISupportedInterfaceOrientations_iPhone = "UIInterfaceOrientationPortrait UIInterfaceOrientationLandscapeLeft UIInterfaceOrientationLandscapeRight";
				LD_RUNPATH_SEARCH_PATHS = (
					"$(inherited)",
					"@executable_path/Frameworks",
				);
				MARKETING_VERSION = 1.0;
				PRODUCT_BUNDLE_IDENTIFIER = TMS.TMS2;
				PRODUCT_NAME = "$(TARGET_NAME)";
				SWIFT_EMIT_LOC_STRINGS = YES;
				SWIFT_VERSION = 5.0;
				TARGETED_DEVICE_FAMILY = "1,2";
			};
			name = Debug;
		};
		1143C08A2857A31B00C9587D /* Release */ = {
			isa = XCBuildConfiguration;
			baseConfigurationReference = B27BAB4A00EFFE0D16055E10 /* Pods-TMS.release.xcconfig */;
			buildSettings = {
				ASSETCATALOG_COMPILER_APPICON_NAME = AppIcon;
				ASSETCATALOG_COMPILER_GLOBAL_ACCENT_COLOR_NAME = AccentColor;
				CODE_SIGN_STYLE = Automatic;
				CURRENT_PROJECT_VERSION = 1;
				DEVELOPMENT_TEAM = 2J548WK4C4;
				GENERATE_INFOPLIST_FILE = YES;
				INFOPLIST_FILE = TMS/Info.plist;
				INFOPLIST_KEY_UIApplicationSupportsIndirectInputEvents = YES;
				INFOPLIST_KEY_UILaunchStoryboardName = LaunchScreen;
				INFOPLIST_KEY_UIMainStoryboardFile = Main;
				INFOPLIST_KEY_UISupportedInterfaceOrientations_iPad = "UIInterfaceOrientationPortrait UIInterfaceOrientationPortraitUpsideDown UIInterfaceOrientationLandscapeLeft UIInterfaceOrientationLandscapeRight";
				INFOPLIST_KEY_UISupportedInterfaceOrientations_iPhone = "UIInterfaceOrientationPortrait UIInterfaceOrientationLandscapeLeft UIInterfaceOrientationLandscapeRight";
				LD_RUNPATH_SEARCH_PATHS = (
					"$(inherited)",
					"@executable_path/Frameworks",
				);
				MARKETING_VERSION = 1.0;
				PRODUCT_BUNDLE_IDENTIFIER = TMS.TMS2;
				PRODUCT_NAME = "$(TARGET_NAME)";
				SWIFT_EMIT_LOC_STRINGS = YES;
				SWIFT_VERSION = 5.0;
				TARGETED_DEVICE_FAMILY = "1,2";
			};
			name = Release;
		};
/* End XCBuildConfiguration section */

/* Begin XCConfigurationList section */
		1143C06F2857A31600C9587D /* Build configuration list for PBXProject "TMS" */ = {
			isa = XCConfigurationList;
			buildConfigurations = (
				1143C0862857A31B00C9587D /* Debug */,
				1143C0872857A31B00C9587D /* Release */,
			);
			defaultConfigurationIsVisible = 0;
			defaultConfigurationName = Release;
		};
		1143C0882857A31B00C9587D /* Build configuration list for PBXNativeTarget "TMS" */ = {
			isa = XCConfigurationList;
			buildConfigurations = (
				1143C0892857A31B00C9587D /* Debug */,
				1143C08A2857A31B00C9587D /* Release */,
			);
			defaultConfigurationIsVisible = 0;
			defaultConfigurationName = Release;
		};
/* End XCConfigurationList section */
	};
	rootObject = 1143C06C2857A31600C9587D /* Project object */;
}
